{
  "name": "@comunica/logger-bunyan",
  "version": "4.1.0",
  "lockfileVersion": 3,
  "requires": true,
  "packages": {
    "": {
      "name": "@comunica/logger-bunyan",
      "version": "4.1.0",
      "license": "MIT",
      "dependencies": {
        "@comunica/types": "^4.1.0",
        "@types/bunyan": "^1.8.8",
        "bunyan": "^1.8.15",
        "process": "^0.11.10"
      },
      "funding": {
        "type": "opencollective",
        "url": "https://opencollective.com/comunica-association"
      }
    },
    "node_modules/@comunica/types": {
      "version": "4.1.0",
      "resolved": "https://registry.npmjs.org/@comunica/types/-/types-4.1.0.tgz",
      "integrity": "sha512-Ux2j9rS89U3aMelBI8JrvH8FUUddD8E3awWz1DEk/epfnL4ieJEMRP0KlOqPSU6gFwrbxT8UMjhTjrfsnS5VJQ==",
      "license": "MIT",
      "dependencies": {
        "@rdfjs/types": "*",
        "@types/yargs": "^17.0.24",
        "asynciterator": "^3.9.0",
        "lru-cache": "^10.0.1",
        "sparqlalgebrajs": "^4.3.8"
      },
      "funding": {
        "type": "opencollective",
        "url": "https://opencollective.com/comunica-association"
      }
    },
    "node_modules/@rdfjs/types": {
      "version": "2.0.1",
      "resolved": "https://registry.npmjs.org/@rdfjs/types/-/types-2.0.1.tgz",
      "integrity": "sha512-uyAzpugX7KekAXAHq26m3JlUIZJOC0uSBhpnefGV5i15bevDyyejoB7I+9MKeUrzXD8OOUI3+4FeV1wwQr5ihA==",
      "license": "MIT",
      "dependencies": {
        "@types/node": "*"
      }
    },
    "node_modules/@types/bunyan": {
      "version": "1.8.11",
      "resolved": "https://registry.npmjs.org/@types/bunyan/-/bunyan-1.8.11.tgz",
      "integrity": "sha512-758fRH7umIMk5qt5ELmRMff4mLDlN+xyYzC+dkPTdKwbSkJFvz6xwyScrytPU0QIBbRRwbiE8/BIg8bpajerNQ==",
      "license": "MIT",
      "dependencies": {
        "@types/node": "*"
      }
    },
    "node_modules/@types/node": {
      "version": "22.14.0",
      "resolved": "https://registry.npmjs.org/@types/node/-/node-22.14.0.tgz",
      "integrity": "sha512-Kmpl+z84ILoG+3T/zQFyAJsU6EPTmOCj8/2+83fSN6djd6I4o7uOuGIH6vq3PrjY5BGitSbFuMN18j3iknubbA==",
      "license": "MIT",
      "dependencies": {
        "undici-types": "~6.21.0"
      }
    },
    "node_modules/@types/sparqljs": {
      "version": "3.1.12",
      "resolved": "https://registry.npmjs.org/@types/sparqljs/-/sparqljs-3.1.12.tgz",
      "integrity": "sha512-zg/sdKKtYI0845wKPSuSgunyU1o/+7tRzMw85lHsf4p/0UbA6+65MXAyEtv1nkaqSqrq/bXm7+bqXas+Xo5dpQ==",
      "license": "MIT",
      "dependencies": {
        "@rdfjs/types": ">=1.0.0"
      }
    },
    "node_modules/@types/yargs": {
      "version": "17.0.33",
      "resolved": "https://registry.npmjs.org/@types/yargs/-/yargs-17.0.33.tgz",
      "integrity": "sha512-WpxBCKWPLr4xSsHgz511rFJAM+wS28w2zEO1QDNY5zM/S8ok70NNfztH0xwhqKyaK0OHCbN98LDAZuy1ctxDkA==",
      "license": "MIT",
      "dependencies": {
        "@types/yargs-parser": "*"
      }
    },
    "node_modules/@types/yargs-parser": {
      "version": "21.0.3",
      "resolved": "https://registry.npmjs.org/@types/yargs-parser/-/yargs-parser-21.0.3.tgz",
      "integrity": "sha512-I4q9QU9MQv4oEOz4tAHJtNz1cwuLxn2F3xcc2iV5WdqLPpUnj30aUuxt1mAxYTG+oe8CZMV/+6rU4S4gRDzqtQ==",
      "license": "MIT"
    },
    "node_modules/asynciterator": {
      "version": "3.9.0",
      "resolved": "https://registry.npmjs.org/asynciterator/-/asynciterator-3.9.0.tgz",
      "integrity": "sha512-bwLLTAnoE6Ap6XdjK/j8vDk2Vi9p3ojk0PFwM0SwktAG1k8pfRJF9ng+mmkaRFKdZCQQlOxcWnvOmX2NQ1HV0g==",
      "license": "MIT"
    },
    "node_modules/balanced-match": {
      "version": "1.0.2",
      "resolved": "https://registry.npmjs.org/balanced-match/-/balanced-match-1.0.2.tgz",
      "integrity": "sha512-3oSeUO0TMV67hN1AmbXsK4yaqU7tjiHlbxRDZOpH0KW9+CeX4bRAaX0Anxt0tx2MrpRpWwQaPwIlISEJhYU5Pw==",
      "license": "MIT",
      "optional": true
    },
    "node_modules/brace-expansion": {
      "version": "1.1.11",
      "resolved": "https://registry.npmjs.org/brace-expansion/-/brace-expansion-1.1.11.tgz",
      "integrity": "sha512-iCuPHDFgrHX7H2vEI/5xpz07zSHB00TpugqhmYtVmMO6518mCuRMoOYFldEBl0g187ufozdaHgWKcYFb61qGiA==",
      "license": "MIT",
      "optional": true,
      "dependencies": {
        "balanced-match": "^1.0.0",
        "concat-map": "0.0.1"
      }
    },
    "node_modules/bunyan": {
      "version": "1.8.15",
      "resolved": "https://registry.npmjs.org/bunyan/-/bunyan-1.8.15.tgz",
      "integrity": "sha512-0tECWShh6wUysgucJcBAoYegf3JJoZWibxdqhTm7OHPeT42qdjkZ29QCMcKwbgU1kiH+auSIasNRXMLWXafXig==",
      "engines": [
        "node >=0.10.0"
      ],
      "license": "MIT",
      "bin": {
        "bunyan": "bin/bunyan"
      },
      "optionalDependencies": {
        "dtrace-provider": "~0.8",
        "moment": "^2.19.3",
        "mv": "~2",
        "safe-json-stringify": "~1"
      }
    },
    "node_modules/concat-map": {
      "version": "0.0.1",
      "resolved": "https://registry.npmjs.org/concat-map/-/concat-map-0.0.1.tgz",
      "integrity": "sha512-/Srv4dswyQNBfohGpz9o6Yb3Gz3SrUDqBH5rTuhGR7ahtlbYKnVxw2bCFMRljaA7EXHaXZ8wsHdodFvbkhKmqg==",
      "license": "MIT",
      "optional": true
    },
    "node_modules/dtrace-provider": {
      "version": "0.8.8",
      "resolved": "https://registry.npmjs.org/dtrace-provider/-/dtrace-provider-0.8.8.tgz",
      "integrity": "sha512-b7Z7cNtHPhH9EJhNNbbeqTcXB8LGFFZhq1PGgEvpeHlzd36bhbdTWoE/Ba/YguqpBSlAPKnARWhVlhunCMwfxg==",
      "hasInstallScript": true,
      "license": "BSD-2-Clause",
      "optional": true,
      "dependencies": {
        "nan": "^2.14.0"
      },
      "engines": {
        "node": ">=0.10"
      }
    },
    "node_modules/fast-deep-equal": {
      "version": "3.1.3",
      "resolved": "https://registry.npmjs.org/fast-deep-equal/-/fast-deep-equal-3.1.3.tgz",
      "integrity": "sha512-f3qQ9oQy9j2AhBe/H9VC91wLmKBCCU/gDOnKNAYG5hswO7BLKj09Hc5HYNz9cGI++xlpDCIgDaitVs03ATR84Q==",
      "license": "MIT"
    },
    "node_modules/glob": {
      "version": "6.0.4",
      "resolved": "https://registry.npmjs.org/glob/-/glob-6.0.4.tgz",
      "integrity": "sha512-MKZeRNyYZAVVVG1oZeLaWie1uweH40m9AZwIwxyPbTSX4hHrVYSzLg0Ro5Z5R7XKkIX+Cc6oD1rqeDJnwsB8/A==",
      "deprecated": "Glob versions prior to v9 are no longer supported",
      "license": "ISC",
      "optional": true,
      "dependencies": {
        "inflight": "^1.0.4",
        "inherits": "2",
        "minimatch": "2 || 3",
        "once": "^1.3.0",
        "path-is-absolute": "^1.0.0"
      },
      "engines": {
        "node": "*"
      }
    },
    "node_modules/hash.js": {
      "version": "1.1.7",
      "resolved": "https://registry.npmjs.org/hash.js/-/hash.js-1.1.7.tgz",
      "integrity": "sha512-taOaskGt4z4SOANNseOviYDvjEJinIkRgmp7LbKP2YTTmVxWBl87s/uzK9r+44BclBSp2X7K1hqeNfz9JbBeXA==",
      "license": "MIT",
      "dependencies": {
        "inherits": "^2.0.3",
        "minimalistic-assert": "^1.0.1"
      }
    },
    "node_modules/inflight": {
      "version": "1.0.6",
      "resolved": "https://registry.npmjs.org/inflight/-/inflight-1.0.6.tgz",
      "integrity": "sha512-k92I/b08q4wvFscXCLvqfsHCrjrF7yiXsQuIVvVE7N82W3+aqpzuUdBbfhWcy/FZR3/4IgflMgKLOsvPDrGCJA==",
      "deprecated": "This module is not supported, and leaks memory. Do not use it. Check out lru-cache if you want a good and tested way to coalesce async requests by a key value, which is much more comprehensive and powerful.",
      "license": "ISC",
      "optional": true,
      "dependencies": {
        "once": "^1.3.0",
        "wrappy": "1"
      }
    },
    "node_modules/inherits": {
      "version": "2.0.4",
      "resolved": "https://registry.npmjs.org/inherits/-/inherits-2.0.4.tgz",
      "integrity": "sha512-k/vGaX4/Yla3WzyMCvTQOXYeIHvqOKtnqBduzTHpzpQZzAskKMhZ2K+EnBiSM9zGSoIFeMpXKxa4dYeZIQqewQ==",
      "license": "ISC"
    },
    "node_modules/lru-cache": {
      "version": "10.4.3",
      "resolved": "https://registry.npmjs.org/lru-cache/-/lru-cache-10.4.3.tgz",
      "integrity": "sha512-JNAzZcXrCt42VGLuYz0zfAzDfAvJWW6AfYlDBQyDV5DClI2m5sAmK+OIO7s59XfsRsWHp02jAJrRadPRGTt6SQ==",
      "license": "ISC"
    },
    "node_modules/minimalistic-assert": {
      "version": "1.0.1",
      "resolved": "https://registry.npmjs.org/minimalistic-assert/-/minimalistic-assert-1.0.1.tgz",
      "integrity": "sha512-UtJcAD4yEaGtjPezWuO9wC4nwUnVH/8/Im3yEHQP4b67cXlD/Qr9hdITCU1xDbSEXg2XKNaP8jsReV7vQd00/A==",
      "license": "ISC"
    },
    "node_modules/minimatch": {
      "version": "3.1.2",
      "resolved": "https://registry.npmjs.org/minimatch/-/minimatch-3.1.2.tgz",
      "integrity": "sha512-J7p63hRiAjw1NDEww1W7i37+ByIrOWO5XQQAzZ3VOcL0PNybwpfmV/N05zFAzwQ9USyEcX6t3UO+K5aqBQOIHw==",
      "license": "ISC",
      "optional": true,
      "dependencies": {
        "brace-expansion": "^1.1.7"
      },
      "engines": {
        "node": "*"
      }
    },
    "node_modules/minimist": {
      "version": "1.2.8",
      "resolved": "https://registry.npmjs.org/minimist/-/minimist-1.2.8.tgz",
      "integrity": "sha512-2yyAR8qBkN3YuheJanUpWC5U3bb5osDywNB8RzDVlDwDHbocAJveqqj1u8+SVD7jkWT4yvsHCpWqqWqAxb0zCA==",
      "license": "MIT",
      "funding": {
        "url": "https://github.com/sponsors/ljharb"
      }
    },
    "node_modules/mkdirp": {
      "version": "0.5.6",
      "resolved": "https://registry.npmjs.org/mkdirp/-/mkdirp-0.5.6.tgz",
      "integrity": "sha512-FP+p8RB8OWpF3YZBCrP5gtADmtXApB5AMLn+vdyA+PyxCjrCs00mjyUozssO33cwDeT3wNGdLxJ5M//YqtHAJw==",
      "license": "MIT",
      "optional": true,
      "dependencies": {
        "minimist": "^1.2.6"
      },
      "bin": {
        "mkdirp": "bin/cmd.js"
      }
    },
    "node_modules/moment": {
      "version": "2.30.1",
      "resolved": "https://registry.npmjs.org/moment/-/moment-2.30.1.tgz",
      "integrity": "sha512-uEmtNhbDOrWPFS+hdjFCBfy9f2YoyzRpwcl+DqpC6taX21FzsTLQVbMV/W7PzNSX6x/bhC1zA3c2UQ5NzH6how==",
      "license": "MIT",
      "optional": true,
      "engines": {
        "node": "*"
      }
    },
    "node_modules/mv": {
      "version": "2.1.1",
      "resolved": "https://registry.npmjs.org/mv/-/mv-2.1.1.tgz",
      "integrity": "sha512-at/ZndSy3xEGJ8i0ygALh8ru9qy7gWW1cmkaqBN29JmMlIvM//MEO9y1sk/avxuwnPcfhkejkLsuPxH81BrkSg==",
      "license": "MIT",
      "optional": true,
      "dependencies": {
        "mkdirp": "~0.5.1",
        "ncp": "~2.0.0",
        "rimraf": "~2.4.0"
      },
      "engines": {
        "node": ">=0.8.0"
      }
    },
    "node_modules/nan": {
      "version": "2.22.2",
      "resolved": "https://registry.npmjs.org/nan/-/nan-2.22.2.tgz",
      "integrity": "sha512-DANghxFkS1plDdRsX0X9pm0Z6SJNN6gBdtXfanwoZ8hooC5gosGFSBGRYHUVPz1asKA/kMRqDRdHrluZ61SpBQ==",
      "license": "MIT",
      "optional": true
    },
    "node_modules/ncp": {
      "version": "2.0.0",
      "resolved": "https://registry.npmjs.org/ncp/-/ncp-2.0.0.tgz",
      "integrity": "sha512-zIdGUrPRFTUELUvr3Gmc7KZ2Sw/h1PiVM0Af/oHB6zgnV1ikqSfRk+TOufi79aHYCW3NiOXmr1BP5nWbzojLaA==",
      "license": "MIT",
      "optional": true,
      "bin": {
        "ncp": "bin/ncp"
      }
    },
    "node_modules/once": {
      "version": "1.4.0",
      "resolved": "https://registry.npmjs.org/once/-/once-1.4.0.tgz",
      "integrity": "sha512-lNaJgI+2Q5URQBkccEKHTQOPaXdUxnZZElQTZY0MFUAuaEqe1E+Nyvgdz/aIyNi6Z9MzO5dv1H8n58/GELp3+w==",
      "license": "ISC",
      "optional": true,
      "dependencies": {
        "wrappy": "1"
      }
    },
    "node_modules/path-is-absolute": {
      "version": "1.0.1",
      "resolved": "https://registry.npmjs.org/path-is-absolute/-/path-is-absolute-1.0.1.tgz",
      "integrity": "sha512-AVbw3UJ2e9bq64vSaS9Am0fje1Pa8pbGqTTsmXfaIiMpnr5DlDhfJOuLj9Sf95ZPVDAUerDfEk88MPmPe7UCQg==",
      "license": "MIT",
      "optional": true,
      "engines": {
        "node": ">=0.10.0"
      }
    },
    "node_modules/process": {
      "version": "0.11.10",
      "resolved": "https://registry.npmjs.org/process/-/process-0.11.10.tgz",
      "integrity": "sha512-cdGef/drWFoydD1JsMzuFf8100nZl+GT+yacc2bEced5f9Rjk4z+WtFUTBu9PhOi9j/jfmBPu0mMEY4wIdAF8A==",
      "license": "MIT",
      "engines": {
        "node": ">= 0.6.0"
      }
    },
    "node_modules/rdf-data-factory": {
      "version": "1.1.3",
      "resolved": "https://registry.npmjs.org/rdf-data-factory/-/rdf-data-factory-1.1.3.tgz",
      "integrity": "sha512-ny6CI7m2bq4lfQQmDYvcb2l1F9KtGwz9chipX4oWu2aAtVoXjb7k3d8J1EsgAsEbMXnBipB/iuRen5H2fwRWWQ==",
      "license": "MIT",
      "dependencies": {
        "@rdfjs/types": "^1.0.0"
      }
    },
    "node_modules/rdf-data-factory/node_modules/@rdfjs/types": {
      "version": "1.1.2",
      "resolved": "https://registry.npmjs.org/@rdfjs/types/-/types-1.1.2.tgz",
      "integrity": "sha512-wqpOJK1QCbmsGNtyzYnojPU8gRDPid2JO0Q0kMtb4j65xhCK880cnKAfEOwC+dX85VJcCByQx5zOwyyfCjDJsg==",
      "license": "MIT",
      "dependencies": {
        "@types/node": "*"
      }
    },
    "node_modules/rdf-isomorphic": {
      "version": "1.3.1",
      "resolved": "https://registry.npmjs.org/rdf-isomorphic/-/rdf-isomorphic-1.3.1.tgz",
      "integrity": "sha512-6uIhsXTVp2AtO6f41PdnRV5xZsa0zVZQDTBdn0br+DZuFf5M/YD+T6m8hKDUnALI6nFL/IujTMLgEs20MlNidQ==",
      "license": "MIT",
      "dependencies": {
        "@rdfjs/types": "*",
        "hash.js": "^1.1.7",
        "rdf-string": "^1.6.0",
        "rdf-terms": "^1.7.0"
      }
    },
    "node_modules/rdf-string": {
      "version": "1.6.3",
      "resolved": "https://registry.npmjs.org/rdf-string/-/rdf-string-1.6.3.tgz",
      "integrity": "sha512-HIVwQ2gOqf+ObsCLSUAGFZMIl3rh9uGcRf1KbM85UDhKqP+hy6qj7Vz8FKt3GA54RiThqK3mNcr66dm1LP0+6g==",
      "license": "MIT",
      "dependencies": {
        "@rdfjs/types": "*",
        "rdf-data-factory": "^1.1.0"
      }
    },
    "node_modules/rdf-terms": {
      "version": "1.11.0",
      "resolved": "https://registry.npmjs.org/rdf-terms/-/rdf-terms-1.11.0.tgz",
      "integrity": "sha512-iKlVgnMopRKl9pHVNrQrax7PtZKRCT/uJIgYqvuw1VVQb88zDvurtDr1xp0rt7N9JtKtFwUXoIQoEsjyRo20qQ==",
      "license": "MIT",
      "dependencies": {
        "@rdfjs/types": "*",
        "rdf-data-factory": "^1.1.0",
        "rdf-string": "^1.6.0"
      }
    },
    "node_modules/rimraf": {
      "version": "2.4.5",
      "resolved": "https://registry.npmjs.org/rimraf/-/rimraf-2.4.5.tgz",
      "integrity": "sha512-J5xnxTyqaiw06JjMftq7L9ouA448dw/E7dKghkP9WpKNuwmARNNg+Gk8/u5ryb9N/Yo2+z3MCwuqFK/+qPOPfQ==",
      "deprecated": "Rimraf versions prior to v4 are no longer supported",
      "license": "ISC",
      "optional": true,
      "dependencies": {
        "glob": "^6.0.1"
      },
      "bin": {
        "rimraf": "bin.js"
      }
    },
    "node_modules/safe-json-stringify": {
      "version": "1.2.0",
      "resolved": "https://registry.npmjs.org/safe-json-stringify/-/safe-json-stringify-1.2.0.tgz",
      "integrity": "sha512-gH8eh2nZudPQO6TytOvbxnuhYBOvDBBLW52tz5q6X58lJcd/tkmqFR+5Z9adS8aJtURSXWThWy/xJtJwixErvg==",
      "license": "MIT",
      "optional": true
    },
    "node_modules/sparqlalgebrajs": {
      "version": "4.3.8",
      "resolved": "https://registry.npmjs.org/sparqlalgebrajs/-/sparqlalgebrajs-4.3.8.tgz",
      "integrity": "sha512-Xo1/5icRtVk2N38BrY9NXN8N/ZPjULlns7sDHv0nlcGOsOediBLWVy8LmV+Q90RHvb3atZZbrFy3VqrM4iXciA==",
      "license": "MIT",
      "dependencies": {
        "@rdfjs/types": "*",
        "@types/sparqljs": "^3.1.3",
        "fast-deep-equal": "^3.1.3",
        "minimist": "^1.2.6",
        "rdf-data-factory": "^1.1.0",
        "rdf-isomorphic": "^1.3.0",
        "rdf-string": "^1.6.0",
        "rdf-terms": "^1.10.0",
        "sparqljs": "^3.7.1"
      },
      "bin": {
        "sparqlalgebrajs": "bin/sparqlalgebrajs.js"
      }
    },
    "node_modules/sparqljs": {
      "version": "3.7.3",
      "resolved": "https://registry.npmjs.org/sparqljs/-/sparqljs-3.7.3.tgz",
      "integrity": "sha512-FQfHUhfwn5PD9WH6xPU7DhFfXMgqK/XoDrYDVxz/grhw66Il0OjRg3JBgwuEvwHnQt7oSTiKWEiCZCPNaUbqgg==",
      "license": "MIT",
      "dependencies": {
        "rdf-data-factory": "^1.1.2"
      },
      "bin": {
        "sparqljs": "bin/sparql-to-json"
      },
      "engines": {
        "node": "^12.22.0 || ^14.17.0 || >=16.0.0"
      }
    },
    "node_modules/undici-types": {
      "version": "6.21.0",
      "resolved": "https://registry.npmjs.org/undici-types/-/undici-types-6.21.0.tgz",
      "integrity": "sha512-iwDZqg0QAGrg9Rav5H4n0M64c3mkR59cJ6wQp+7C4nI0gsmExaedaYLNO44eT4AtBBwjbTiGPMlt2Md0T9H9JQ==",
      "license": "MIT"
    },
    "node_modules/wrappy": {
      "version": "1.0.2",
      "resolved": "https://registry.npmjs.org/wrappy/-/wrappy-1.0.2.tgz",
      "integrity": "sha512-l4Sp/DRseor9wL6EvV2+TuQn63dMkPjZ/sp9XkghTEbV9KlPS1xUsZ3u7/IQO4wxtcFB4bgpQPRcR3QCvezPcQ==",
      "license": "ISC",
      "optional": true
    }
  }
}
